
Microsoft Visual Studio Solution File, Format Version 12.00
# Visual Studio Version 17
VisualStudioVersion = 17.14.36518.9 d17.14
MinimumVisualStudioVersion = 10.0.40219.1
Project("{FAE04EC0-301F-11D3-BF4B-00C04F79EFBC}") = "TimesheetSystem", "TimesheetSystem\TimesheetSystem.csproj", "{FADB4E17-4F8D-48D7-A738-3C9C0B4AA31E}"
EndProject
Global
	GlobalSection(SolutionConfigurationPlatforms) = preSolution
		Debug|Any CPU = Debug|Any CPU
		Release|Any CPU = Release|Any CPU
	EndGlobalSection
	GlobalSection(ProjectConfigurationPlatforms) = postSolution
		{FADB4E17-4F8D-48D7-A738-3C9C0B4AA31E}.Debug|Any CPU.ActiveCfg = Debug|Any CPU
		{FADB4E17-4F8D-48D7-A738-3C9C0B4AA31E}.Debug|Any CPU.Build.0 = Debug|Any CPU
		{FADB4E17-4F8D-48D7-A738-3C9C0B4AA31E}.Release|Any CPU.ActiveCfg = Release|Any CPU
		{FADB4E17-4F8D-48D7-A738-3C9C0B4AA31E}.Release|Any CPU.Build.0 = Release|Any CPU
	EndGlobalSection
	GlobalSection(SolutionProperties) = preSolution
		HideSolutionNode = FALSE
	EndGlobalSection
	GlobalSection(ExtensibilityGlobals) = postSolution
		SolutionGuid = {EB304599-A84E-4C6B-9E52-525CF1C49318}
	EndGlobalSection
EndGlobal
